PODS:
  - SystemWindowController (0.3.0)

DEPENDENCIES:
  - SystemWindowController (from `../`)

EXTERNAL SOURCES:
  SystemWindowController:
    :path: "../"

SPEC CHECKSUMS:
  SystemWindowController: 406456298c6a7b1db1cc19fa9712b1c8cfee631d

PODFILE CHECKSUM: a6be465d041eb9119c7651b273e1ca4f5b21061a

COCOAPODS: 1.0.0
