PODS:
  - SystemWindowController (0.2.0)

DEPENDENCIES:
  - SystemWindowController (from `../`)

EXTERNAL SOURCES:
  SystemWindowController:
    :path: "../"

SPEC CHECKSUMS:
  SystemWindowController: 64953b12fb1b0ca22549706fd56cf19993990b01

PODFILE CHECKSUM: a6be465d041eb9119c7651b273e1ca4f5b21061a

COCOAPODS: 1.0.0
